
Microsoft Visual Studio Solution File, Format Version 12.00
# Visual Studio Version 17
VisualStudioVersion = 17.10.34916.146
MinimumVisualStudioVersion = 10.0.40219.1
Project("{2150E333-8FDC-42A3-9474-1A3956D46DE8}") = "Services", "Services", "{4CC16C28-3270-4B3B-8765-CB57E6E6B7FD}"
EndProject
Project("{2150E333-8FDC-42A3-9474-1A3956D46DE8}") = "Coupons", "Coupons", "{BBCDF787-4639-46CE-8CE1-8E3224A666F6}"
EndProject
Project("{2150E333-8FDC-42A3-9474-1A3956D46DE8}") = "Gateway", "Gateway", "{B5881D9E-82A7-4149-826F-16293F199232}"
EndProject
Project("{2150E333-8FDC-42A3-9474-1A3956D46DE8}") = "Frontend", "Frontend", "{F1995860-AB1B-416F-88B3-68875FDA0116}"
EndProject
Project("{2150E333-8FDC-42A3-9474-1A3956D46DE8}") = "Core", "Core", "{4690EA36-FD4E-4265-B454-B82CB456511D}"
EndProject
Project("{2150E333-8FDC-42A3-9474-1A3956D46DE8}") = "Infrastructure", "Infrastructure", "{ED78AD3F-F409-4C64-AF1A-5499F5D4B72B}"
EndProject
Project("{2150E333-8FDC-42A3-9474-1A3956D46DE8}") = "Presentation", "Presentation", "{0F91C0B5-F305-4A09-9530-C651BE4A5406}"
EndProject
Project("{2150E333-8FDC-42A3-9474-1A3956D46DE8}") = "Tests", "Tests", "{78C5DE43-88E6-4051-B108-827266301771}"
EndProject
Project("{9A19103F-16F7-4668-BE54-9A1E7A4F7556}") = "Coupons.Domain", "Services\Coupons\Core\Coupons.Domain\Coupons.Domain.csproj", "{579E1970-1351-4E6C-B482-CA84D13E402D}"
EndProject
Project("{9A19103F-16F7-4668-BE54-9A1E7A4F7556}") = "Coupons.Application", "Services\Coupons\Core\Coupons.Application\Coupons.Application.csproj", "{8A19031E-8253-4FEE-BC56-F67CA8D88A87}"
EndProject
Project("{9A19103F-16F7-4668-BE54-9A1E7A4F7556}") = "Coupons.Infrastructure", "Services\Coupons\Infrastructure\Coupons.Infrastructure\Coupons.Infrastructure.csproj", "{5A0460A0-2ABA-4948-A716-F7ABD7BA979A}"
EndProject
Project("{9A19103F-16F7-4668-BE54-9A1E7A4F7556}") = "Coupons.API", "Services\Coupons\Presentation\Coupons.API\Coupons.API.csproj", "{999B4381-B58E-47D8-BFF9-EB1D3213DCB9}"
EndProject
Project("{9A19103F-16F7-4668-BE54-9A1E7A4F7556}") = "Coupons.ApplicationTests", "Services\Coupons\Tests\Coupons.ApplicationTests\Coupons.ApplicationTests.csproj", "{384DF6D3-8A72-4A4C-9864-449B6EFAD1C2}"
EndProject
Project("{FAE04EC0-301F-11D3-BF4B-00C04F79EFBC}") = "Coupons.Persistence", "Services\Coupons\Infrastructure\Coupons.Persistence\Coupons.Persistence.csproj", "{CC57A80E-A60C-4448-BCB6-3D9471423D9B}"
EndProject
Global
	GlobalSection(SolutionConfigurationPlatforms) = preSolution
		Debug|Any CPU = Debug|Any CPU
		Release|Any CPU = Release|Any CPU
	EndGlobalSection
	GlobalSection(ProjectConfigurationPlatforms) = postSolution
		{579E1970-1351-4E6C-B482-CA84D13E402D}.Debug|Any CPU.ActiveCfg = Debug|Any CPU
		{579E1970-1351-4E6C-B482-CA84D13E402D}.Debug|Any CPU.Build.0 = Debug|Any CPU
		{579E1970-1351-4E6C-B482-CA84D13E402D}.Release|Any CPU.ActiveCfg = Release|Any CPU
		{579E1970-1351-4E6C-B482-CA84D13E402D}.Release|Any CPU.Build.0 = Release|Any CPU
		{8A19031E-8253-4FEE-BC56-F67CA8D88A87}.Debug|Any CPU.ActiveCfg = Debug|Any CPU
		{8A19031E-8253-4FEE-BC56-F67CA8D88A87}.Debug|Any CPU.Build.0 = Debug|Any CPU
		{8A19031E-8253-4FEE-BC56-F67CA8D88A87}.Release|Any CPU.ActiveCfg = Release|Any CPU
		{8A19031E-8253-4FEE-BC56-F67CA8D88A87}.Release|Any CPU.Build.0 = Release|Any CPU
		{5A0460A0-2ABA-4948-A716-F7ABD7BA979A}.Debug|Any CPU.ActiveCfg = Debug|Any CPU
		{5A0460A0-2ABA-4948-A716-F7ABD7BA979A}.Debug|Any CPU.Build.0 = Debug|Any CPU
		{5A0460A0-2ABA-4948-A716-F7ABD7BA979A}.Release|Any CPU.ActiveCfg = Release|Any CPU
		{5A0460A0-2ABA-4948-A716-F7ABD7BA979A}.Release|Any CPU.Build.0 = Release|Any CPU
		{999B4381-B58E-47D8-BFF9-EB1D3213DCB9}.Debug|Any CPU.ActiveCfg = Debug|Any CPU
		{999B4381-B58E-47D8-BFF9-EB1D3213DCB9}.Debug|Any CPU.Build.0 = Debug|Any CPU
		{999B4381-B58E-47D8-BFF9-EB1D3213DCB9}.Release|Any CPU.ActiveCfg = Release|Any CPU
		{999B4381-B58E-47D8-BFF9-EB1D3213DCB9}.Release|Any CPU.Build.0 = Release|Any CPU
		{384DF6D3-8A72-4A4C-9864-449B6EFAD1C2}.Debug|Any CPU.ActiveCfg = Debug|Any CPU
		{384DF6D3-8A72-4A4C-9864-449B6EFAD1C2}.Debug|Any CPU.Build.0 = Debug|Any CPU
		{384DF6D3-8A72-4A4C-9864-449B6EFAD1C2}.Release|Any CPU.ActiveCfg = Release|Any CPU
		{384DF6D3-8A72-4A4C-9864-449B6EFAD1C2}.Release|Any CPU.Build.0 = Release|Any CPU
		{CC57A80E-A60C-4448-BCB6-3D9471423D9B}.Debug|Any CPU.ActiveCfg = Debug|Any CPU
		{CC57A80E-A60C-4448-BCB6-3D9471423D9B}.Debug|Any CPU.Build.0 = Debug|Any CPU
		{CC57A80E-A60C-4448-BCB6-3D9471423D9B}.Release|Any CPU.ActiveCfg = Release|Any CPU
		{CC57A80E-A60C-4448-BCB6-3D9471423D9B}.Release|Any CPU.Build.0 = Release|Any CPU
	EndGlobalSection
	GlobalSection(SolutionProperties) = preSolution
		HideSolutionNode = FALSE
	EndGlobalSection
	GlobalSection(NestedProjects) = preSolution
		{BBCDF787-4639-46CE-8CE1-8E3224A666F6} = {4CC16C28-3270-4B3B-8765-CB57E6E6B7FD}
		{4690EA36-FD4E-4265-B454-B82CB456511D} = {BBCDF787-4639-46CE-8CE1-8E3224A666F6}
		{ED78AD3F-F409-4C64-AF1A-5499F5D4B72B} = {BBCDF787-4639-46CE-8CE1-8E3224A666F6}
		{0F91C0B5-F305-4A09-9530-C651BE4A5406} = {BBCDF787-4639-46CE-8CE1-8E3224A666F6}
		{78C5DE43-88E6-4051-B108-827266301771} = {BBCDF787-4639-46CE-8CE1-8E3224A666F6}
		{579E1970-1351-4E6C-B482-CA84D13E402D} = {4690EA36-FD4E-4265-B454-B82CB456511D}
		{8A19031E-8253-4FEE-BC56-F67CA8D88A87} = {4690EA36-FD4E-4265-B454-B82CB456511D}
		{5A0460A0-2ABA-4948-A716-F7ABD7BA979A} = {ED78AD3F-F409-4C64-AF1A-5499F5D4B72B}
		{999B4381-B58E-47D8-BFF9-EB1D3213DCB9} = {0F91C0B5-F305-4A09-9530-C651BE4A5406}
		{384DF6D3-8A72-4A4C-9864-449B6EFAD1C2} = {78C5DE43-88E6-4051-B108-827266301771}
		{CC57A80E-A60C-4448-BCB6-3D9471423D9B} = {ED78AD3F-F409-4C64-AF1A-5499F5D4B72B}
	EndGlobalSection
	GlobalSection(ExtensibilityGlobals) = postSolution
		SolutionGuid = {BF25FD10-B091-42B2-AE8A-CFBB9A96AB24}
	EndGlobalSection
EndGlobal
